{
  "name": "miniprogram-ts-quickstart",
  "version": "1.0.0",
  "lockfileVersion": 1,
  "requires": true,
  "dependencies": {
    "miniprogram-api-typings": {
      "version": "2.10.2",
      "resolved": "https://registry.npmjs.org/miniprogram-api-typings/-/miniprogram-api-typings-2.10.2.tgz",
      "integrity": "sha512-nb2vtGCVyNRJqR8C01RVg9H4qCuq5u2eCdEVjrSO1E9ZDonUApCePs3ZEtd0C8CbTuBmp5ZlGhX1Npnu5dxEfg==",
      "dev": true
    },
    "typescript": {
      "version": "3.3.3333",
      "resolved": "https://registry.npmjs.org/typescript/-/typescript-3.3.3333.tgz",
      "integrity": "sha512-JjSKsAfuHBE/fB2oZ8NxtRTk5iGcg6hkYXMnZ3Wc+b2RSqejEqTaem11mHASMnFilHrax3sLK0GDzcJrekZYLw==",
      "dev": true
    },
    "vant-weapp": {
      "version": "0.5.27",
      "resolved": "https://registry.npmjs.org/vant-weapp/-/vant-weapp-0.5.27.tgz",
      "integrity": "sha512-wmbpPWbpIk/Nl022Yfu0LNV+rSBPxnWTsZePVo6De4FxY3SWw47+Ip6rxLgdnG00/FntbymgvVw4xlaW+WmC+Q=="
    },
    "weui-miniprogram": {
      "version": "0.2.1",
      "resolved": "https://registry.npmjs.org/weui-miniprogram/-/weui-miniprogram-0.2.1.tgz",
      "integrity": "sha512-Of/r4QwmlzMwvpW9BQHcL/KW3WV5kw+7yxCFSob3UIqMpwLxKHuBrQajuCVkM3CbqxIpc0XWyDYnpCWk3VkLYg=="
    }
  }
}
